{
  "name": "flower-catalog",
  "lockfileVersion": 2,
  "requires": true,
  "packages": {
    "": {
      "dependencies": {
        "server": "github:saicharanar/server"
      }
    },
    "node_modules/server": {
      "version": "0.0.1",
      "resolved": "git+ssh://git@github.com/saicharanar/server.git#18f572ddb9ef911235176f784844525ccc4cbbbd",
      "license": "ISC"
    }
  },
  "dependencies": {
    "server": {
      "version": "git+ssh://git@github.com/saicharanar/server.git#18f572ddb9ef911235176f784844525ccc4cbbbd",
      "from": "server@https://github.com/saicharanar/server"
    }
  }
}
