{
  "name": "flower-catalog",
  "lockfileVersion": 2,
  "requires": true,
  "packages": {
    "": {
      "dependencies": {
        "server": "github:saicharanar/server",
        "tag": "github:saicharanar/createTag"
      }
    },
    "node_modules/server": {
      "version": "0.0.1",
      "resolved": "git+ssh://git@github.com/saicharanar/server.git#18f572ddb9ef911235176f784844525ccc4cbbbd",
      "license": "ISC"
    },
    "node_modules/tag": {
      "version": "0.0.1",
      "resolved": "git+ssh://git@github.com/saicharanar/createTag.git#c798fae9b34c7330fe41432ad8bf324bf40d2724",
      "license": "ISC"
    }
  },
  "dependencies": {
    "server": {
      "version": "git+ssh://git@github.com/saicharanar/server.git#18f572ddb9ef911235176f784844525ccc4cbbbd",
      "from": "server@github:saicharanar/server"
    },
    "tag": {
      "version": "git+ssh://git@github.com/saicharanar/createTag.git#c798fae9b34c7330fe41432ad8bf324bf40d2724",
      "from": "tag@https://github.com/saicharanar/createTag"
    }
  }
}
